// !$*UTF8*$!
{
	archiveVersion = 1;
	classes = {
	};
	objectVersion = 51;
	objects = {

/* Begin PBXBuildFile section */
		A0B9DCE84C2DB41399B80900 /* Pods_buscoCasa.framework in Frameworks */ = {isa = PBXBuildFile; fileRef = ED76C3349DBA22D9D4EDC164 /* Pods_buscoCasa.framework */; };
		F8013FC922DDEA4F00035010 /* CustomLocationManager.swift in Sources */ = {isa = PBXBuildFile; fileRef = F8013FC822DDEA4F00035010 /* CustomLocationManager.swift */; };
		F8013FCE22E0DB4700035010 /* MapExtensions.swift in Sources */ = {isa = PBXBuildFile; fileRef = F8013FCD22E0DB4700035010 /* MapExtensions.swift */; };
		F8013FD322E2054E00035010 /* Lottie.framework in Frameworks */ = {isa = PBXBuildFile; fileRef = F8013FD222E2054E00035010 /* Lottie.framework */; };
		F8013FD522E207EC00035010 /* CustomLaunch.storyboard in Resources */ = {isa = PBXBuildFile; fileRef = F8013FD422E207EC00035010 /* CustomLaunch.storyboard */; };
		F8013FD722E208F000035010 /* LaunchViewController.swift in Sources */ = {isa = PBXBuildFile; fileRef = F8013FD622E208F000035010 /* LaunchViewController.swift */; };
		F8013FDA22E2108200035010 /* homeAnimation.json in Resources */ = {isa = PBXBuildFile; fileRef = F8013FD922E2108200035010 /* homeAnimation.json */; };
		F80FCC2822E3768B00DF5255 /* choosePicture.json in Resources */ = {isa = PBXBuildFile; fileRef = F80FCC2722E3768A00DF5255 /* choosePicture.json */; };
		F830A90E22BFFEF700107881 /* AlertDialogUtils.swift in Sources */ = {isa = PBXBuildFile; fileRef = F830A90D22BFFEF700107881 /* AlertDialogUtils.swift */; };
		F830A91022C0182200107881 /* bookmarks.storyboard in Resources */ = {isa = PBXBuildFile; fileRef = F830A90F22C0182200107881 /* bookmarks.storyboard */; };
		F837648F22E3AA4D00C03EC3 /* profile.json in Resources */ = {isa = PBXBuildFile; fileRef = F837648E22E3AA4D00C03EC3 /* profile.json */; };
		F840082622C6D64E00CFC612 /* login.storyboard in Resources */ = {isa = PBXBuildFile; fileRef = F840082522C6D64E00CFC612 /* login.storyboard */; };
		F856ECB42304DA79006D5661 /* BookmarksViewController.swift in Sources */ = {isa = PBXBuildFile; fileRef = F856ECB32304DA79006D5661 /* BookmarksViewController.swift */; };
		F856ECB62304DB9E006D5661 /* emptyBookmarks.json in Resources */ = {isa = PBXBuildFile; fileRef = F856ECB52304DB9E006D5661 /* emptyBookmarks.json */; };
		F856ECB82304E431006D5661 /* bookmarksPlaceholder.json in Resources */ = {isa = PBXBuildFile; fileRef = F856ECB72304E431006D5661 /* bookmarksPlaceholder.json */; };
		F856ECBD23084EE6006D5661 /* TransitionHelper.swift in Sources */ = {isa = PBXBuildFile; fileRef = F856ECBC23084EE6006D5661 /* TransitionHelper.swift */; };
		F871437622BE78E1007CA5AC /* AppConstants.swift in Sources */ = {isa = PBXBuildFile; fileRef = F871437522BE78E1007CA5AC /* AppConstants.swift */; };
		F871437822BE8FBC007CA5AC /* UserMenuTabViewController.swift in Sources */ = {isa = PBXBuildFile; fileRef = F871437722BE8FBC007CA5AC /* UserMenuTabViewController.swift */; };
		F871437A22BEA12C007CA5AC /* UserViewController.swift in Sources */ = {isa = PBXBuildFile; fileRef = F871437922BEA12C007CA5AC /* UserViewController.swift */; };
		F871437C22BEA1E7007CA5AC /* user.storyboard in Resources */ = {isa = PBXBuildFile; fileRef = F871437B22BEA1E7007CA5AC /* user.storyboard */; };
		F871437E22BEA1F3007CA5AC /* map.storyboard in Resources */ = {isa = PBXBuildFile; fileRef = F871437D22BEA1F3007CA5AC /* map.storyboard */; };
		F871438022BEA425007CA5AC /* MapViewController.swift in Sources */ = {isa = PBXBuildFile; fileRef = F871437F22BEA425007CA5AC /* MapViewController.swift */; };
		F871438622BFC1A6007CA5AC /* ImageStorageUtils.swift in Sources */ = {isa = PBXBuildFile; fileRef = F871438522BFC1A6007CA5AC /* ImageStorageUtils.swift */; };
		F871438822BFC47B007CA5AC /* EditUserViewController.swift in Sources */ = {isa = PBXBuildFile; fileRef = F871438722BFC47B007CA5AC /* EditUserViewController.swift */; };
		F893100422FF2B1B007F5F07 /* MapHouseAnnotation.swift in Sources */ = {isa = PBXBuildFile; fileRef = F893100322FF2B1B007F5F07 /* MapHouseAnnotation.swift */; };
		F8BE36B122E35D6700923C64 /* RegistrationViewController.swift in Sources */ = {isa = PBXBuildFile; fileRef = F8BE36B022E35D6700923C64 /* RegistrationViewController.swift */; };
		F8C8826A2293925100177093 /* AppDelegate.swift in Sources */ = {isa = PBXBuildFile; fileRef = F8C882692293925100177093 /* AppDelegate.swift */; };
		F8C8826C2293925100177093 /* LoginWithMailViewController.swift in Sources */ = {isa = PBXBuildFile; fileRef = F8C8826B2293925100177093 /* LoginWithMailViewController.swift */; };
		F8C8826F2293925100177093 /* Main.storyboard in Resources */ = {isa = PBXBuildFile; fileRef = F8C8826D2293925100177093 /* Main.storyboard */; };
		F8C882712293925200177093 /* Assets.xcassets in Resources */ = {isa = PBXBuildFile; fileRef = F8C882702293925200177093 /* Assets.xcassets */; };
		F8C882812293993100177093 /* User.swift in Sources */ = {isa = PBXBuildFile; fileRef = F8C882802293993100177093 /* User.swift */; };
		F8C882832294231400177093 /* LoginOptionViewController.swift in Sources */ = {isa = PBXBuildFile; fileRef = F8C882822294231400177093 /* LoginOptionViewController.swift */; };
		F8D951AD22F912BF00B6E773 /* ApiClient.swift in Sources */ = {isa = PBXBuildFile; fileRef = F8D951AC22F912BF00B6E773 /* ApiClient.swift */; };
		F8D951AF22F9133000B6E773 /* HouseModel.swift in Sources */ = {isa = PBXBuildFile; fileRef = F8D951AE22F9133000B6E773 /* HouseModel.swift */; };
		F8D951B122F9174B00B6E773 /* Results.swift in Sources */ = {isa = PBXBuildFile; fileRef = F8D951B022F9174B00B6E773 /* Results.swift */; };
		F8D951B322F9183F00B6E773 /* SellerContact.swift in Sources */ = {isa = PBXBuildFile; fileRef = F8D951B222F9183F00B6E773 /* SellerContact.swift */; };
		F8D951B522F9210C00B6E773 /* HouseLocation.swift in Sources */ = {isa = PBXBuildFile; fileRef = F8D951B422F9210C00B6E773 /* HouseLocation.swift */; };
		F8DCC8C4230C1931001541B5 /* ModelHousePresenter.swift in Sources */ = {isa = PBXBuildFile; fileRef = F8DCC8C3230C1931001541B5 /* ModelHousePresenter.swift */; };
		F8DCC8C6230C9FA4001541B5 /* GetLoggedUser.swift in Sources */ = {isa = PBXBuildFile; fileRef = F8DCC8C5230C9FA4001541B5 /* GetLoggedUser.swift */; };
		F8DD28F322E22ACA00F9889B /* loginHome.json in Resources */ = {isa = PBXBuildFile; fileRef = F8DD28F222E22AC900F9889B /* loginHome.json */; };
		F8FFF0EF2302D73600980011 /* MapHouseAnnotationView.swift in Sources */ = {isa = PBXBuildFile; fileRef = F8FFF0EE2302D73600980011 /* MapHouseAnnotationView.swift */; };
/* End PBXBuildFile section */

/* Begin PBXFileReference section */
		978DADC5CE87E99BF284E7A2 /* Pods-buscoCasa.debug.xcconfig */ = {isa = PBXFileReference; includeInIndex = 1; lastKnownFileType = text.xcconfig; name = "Pods-buscoCasa.debug.xcconfig"; path = "Target Support Files/Pods-buscoCasa/Pods-buscoCasa.debug.xcconfig"; sourceTree = "<group>"; };
		A6E63470E6D6FA01B01AD900 /* Pods-buscoCasa.release.xcconfig */ = {isa = PBXFileReference; includeInIndex = 1; lastKnownFileType = text.xcconfig; name = "Pods-buscoCasa.release.xcconfig"; path = "Target Support Files/Pods-buscoCasa/Pods-buscoCasa.release.xcconfig"; sourceTree = "<group>"; };
		ED76C3349DBA22D9D4EDC164 /* Pods_buscoCasa.framework */ = {isa = PBXFileReference; explicitFileType = wrapper.framework; includeInIndex = 0; path = Pods_buscoCasa.framework; sourceTree = BUILT_PRODUCTS_DIR; };
		F8013FC822DDEA4F00035010 /* CustomLocationManager.swift */ = {isa = PBXFileReference; lastKnownFileType = sourcecode.swift; path = CustomLocationManager.swift; sourceTree = "<group>"; };
		F8013FCD22E0DB4700035010 /* MapExtensions.swift */ = {isa = PBXFileReference; lastKnownFileType = sourcecode.swift; path = MapExtensions.swift; sourceTree = "<group>"; };
		F8013FCF22E0E5CE00035010 /* golftest.gpx */ = {isa = PBXFileReference; lastKnownFileType = text.xml; path = golftest.gpx; sourceTree = "<group>"; };
		F8013FD222E2054E00035010 /* Lottie.framework */ = {isa = PBXFileReference; explicitFileType = wrapper.framework; path = Lottie.framework; sourceTree = BUILT_PRODUCTS_DIR; };
		F8013FD422E207EC00035010 /* CustomLaunch.storyboard */ = {isa = PBXFileReference; lastKnownFileType = file.storyboard; path = CustomLaunch.storyboard; sourceTree = "<group>"; };
		F8013FD622E208F000035010 /* LaunchViewController.swift */ = {isa = PBXFileReference; lastKnownFileType = sourcecode.swift; path = LaunchViewController.swift; sourceTree = "<group>"; };
		F8013FD922E2108200035010 /* homeAnimation.json */ = {isa = PBXFileReference; fileEncoding = 4; lastKnownFileType = text.json; path = homeAnimation.json; sourceTree = "<group>"; };
		F80FCC2722E3768A00DF5255 /* choosePicture.json */ = {isa = PBXFileReference; fileEncoding = 4; lastKnownFileType = text.json; path = choosePicture.json; sourceTree = "<group>"; };
		F830A90D22BFFEF700107881 /* AlertDialogUtils.swift */ = {isa = PBXFileReference; lastKnownFileType = sourcecode.swift; path = AlertDialogUtils.swift; sourceTree = "<group>"; };
		F830A90F22C0182200107881 /* bookmarks.storyboard */ = {isa = PBXFileReference; lastKnownFileType = file.storyboard; path = bookmarks.storyboard; sourceTree = "<group>"; };
		F837648E22E3AA4D00C03EC3 /* profile.json */ = {isa = PBXFileReference; fileEncoding = 4; lastKnownFileType = text.json; path = profile.json; sourceTree = "<group>"; };
		F840082522C6D64E00CFC612 /* login.storyboard */ = {isa = PBXFileReference; lastKnownFileType = file.storyboard; path = login.storyboard; sourceTree = "<group>"; };
		F856ECB32304DA79006D5661 /* BookmarksViewController.swift */ = {isa = PBXFileReference; lastKnownFileType = sourcecode.swift; path = BookmarksViewController.swift; sourceTree = "<group>"; };
		F856ECB52304DB9E006D5661 /* emptyBookmarks.json */ = {isa = PBXFileReference; fileEncoding = 4; lastKnownFileType = text.json; path = emptyBookmarks.json; sourceTree = "<group>"; };
		F856ECB72304E431006D5661 /* bookmarksPlaceholder.json */ = {isa = PBXFileReference; fileEncoding = 4; lastKnownFileType = text.json; path = bookmarksPlaceholder.json; sourceTree = "<group>"; };
		F856ECBC23084EE6006D5661 /* TransitionHelper.swift */ = {isa = PBXFileReference; lastKnownFileType = sourcecode.swift; path = TransitionHelper.swift; sourceTree = "<group>"; };
		F871437522BE78E1007CA5AC /* AppConstants.swift */ = {isa = PBXFileReference; lastKnownFileType = sourcecode.swift; path = AppConstants.swift; sourceTree = "<group>"; };
		F871437722BE8FBC007CA5AC /* UserMenuTabViewController.swift */ = {isa = PBXFileReference; lastKnownFileType = sourcecode.swift; path = UserMenuTabViewController.swift; sourceTree = "<group>"; };
		F871437922BEA12C007CA5AC /* UserViewController.swift */ = {isa = PBXFileReference; lastKnownFileType = sourcecode.swift; path = UserViewController.swift; sourceTree = "<group>"; };
		F871437B22BEA1E7007CA5AC /* user.storyboard */ = {isa = PBXFileReference; lastKnownFileType = file.storyboard; path = user.storyboard; sourceTree = "<group>"; };
		F871437D22BEA1F3007CA5AC /* map.storyboard */ = {isa = PBXFileReference; lastKnownFileType = file.storyboard; path = map.storyboard; sourceTree = "<group>"; };
		F871437F22BEA425007CA5AC /* MapViewController.swift */ = {isa = PBXFileReference; lastKnownFileType = sourcecode.swift; path = MapViewController.swift; sourceTree = "<group>"; };
		F871438522BFC1A6007CA5AC /* ImageStorageUtils.swift */ = {isa = PBXFileReference; lastKnownFileType = sourcecode.swift; path = ImageStorageUtils.swift; sourceTree = "<group>"; };
		F871438722BFC47B007CA5AC /* EditUserViewController.swift */ = {isa = PBXFileReference; lastKnownFileType = sourcecode.swift; path = EditUserViewController.swift; sourceTree = "<group>"; };
		F893100322FF2B1B007F5F07 /* MapHouseAnnotation.swift */ = {isa = PBXFileReference; lastKnownFileType = sourcecode.swift; path = MapHouseAnnotation.swift; sourceTree = "<group>"; };
		F8BE36B022E35D6700923C64 /* RegistrationViewController.swift */ = {isa = PBXFileReference; lastKnownFileType = sourcecode.swift; path = RegistrationViewController.swift; sourceTree = "<group>"; };
		F8C882662293925100177093 /* buscoCasa.app */ = {isa = PBXFileReference; explicitFileType = wrapper.application; includeInIndex = 0; path = buscoCasa.app; sourceTree = BUILT_PRODUCTS_DIR; };
		F8C882692293925100177093 /* AppDelegate.swift */ = {isa = PBXFileReference; lastKnownFileType = sourcecode.swift; path = AppDelegate.swift; sourceTree = "<group>"; };
		F8C8826B2293925100177093 /* LoginWithMailViewController.swift */ = {isa = PBXFileReference; lastKnownFileType = sourcecode.swift; path = LoginWithMailViewController.swift; sourceTree = "<group>"; };
		F8C8826E2293925100177093 /* Base */ = {isa = PBXFileReference; lastKnownFileType = file.storyboard; name = Base; path = Base.lproj/Main.storyboard; sourceTree = "<group>"; };
		F8C882702293925200177093 /* Assets.xcassets */ = {isa = PBXFileReference; lastKnownFileType = folder.assetcatalog; path = Assets.xcassets; sourceTree = "<group>"; };
		F8C882752293925200177093 /* Info.plist */ = {isa = PBXFileReference; lastKnownFileType = text.plist.xml; path = Info.plist; sourceTree = "<group>"; };
		F8C882802293993100177093 /* User.swift */ = {isa = PBXFileReference; lastKnownFileType = sourcecode.swift; path = User.swift; sourceTree = "<group>"; };
		F8C882822294231400177093 /* LoginOptionViewController.swift */ = {isa = PBXFileReference; lastKnownFileType = sourcecode.swift; path = LoginOptionViewController.swift; sourceTree = "<group>"; };
		F8D951AC22F912BF00B6E773 /* ApiClient.swift */ = {isa = PBXFileReference; lastKnownFileType = sourcecode.swift; path = ApiClient.swift; sourceTree = "<group>"; };
		F8D951AE22F9133000B6E773 /* HouseModel.swift */ = {isa = PBXFileReference; lastKnownFileType = sourcecode.swift; path = HouseModel.swift; sourceTree = "<group>"; };
		F8D951B022F9174B00B6E773 /* Results.swift */ = {isa = PBXFileReference; lastKnownFileType = sourcecode.swift; path = Results.swift; sourceTree = "<group>"; };
		F8D951B222F9183F00B6E773 /* SellerContact.swift */ = {isa = PBXFileReference; lastKnownFileType = sourcecode.swift; path = SellerContact.swift; sourceTree = "<group>"; };
		F8D951B422F9210C00B6E773 /* HouseLocation.swift */ = {isa = PBXFileReference; lastKnownFileType = sourcecode.swift; path = HouseLocation.swift; sourceTree = "<group>"; };
		F8DCC8C3230C1931001541B5 /* ModelHousePresenter.swift */ = {isa = PBXFileReference; lastKnownFileType = sourcecode.swift; path = ModelHousePresenter.swift; sourceTree = "<group>"; };
		F8DCC8C5230C9FA4001541B5 /* GetLoggedUser.swift */ = {isa = PBXFileReference; lastKnownFileType = sourcecode.swift; path = GetLoggedUser.swift; sourceTree = "<group>"; };
		F8DD28F222E22AC900F9889B /* loginHome.json */ = {isa = PBXFileReference; fileEncoding = 4; lastKnownFileType = text.json; path = loginHome.json; sourceTree = "<group>"; };
		F8FFF0EE2302D73600980011 /* MapHouseAnnotationView.swift */ = {isa = PBXFileReference; lastKnownFileType = sourcecode.swift; path = MapHouseAnnotationView.swift; sourceTree = "<group>"; };
/* End PBXFileReference section */

/* Begin PBXFrameworksBuildPhase section */
		F8C882632293925100177093 /* Frameworks */ = {
			isa = PBXFrameworksBuildPhase;
			buildActionMask = 2147483647;
			files = (
				F8013FD322E2054E00035010 /* Lottie.framework in Frameworks */,
				A0B9DCE84C2DB41399B80900 /* Pods_buscoCasa.framework in Frameworks */,
			);
			runOnlyForDeploymentPostprocessing = 0;
		};
/* End PBXFrameworksBuildPhase section */

/* Begin PBXGroup section */
		090CB09F0F44A06B62FC4FDF /* Pods */ = {
			isa = PBXGroup;
			children = (
				978DADC5CE87E99BF284E7A2 /* Pods-buscoCasa.debug.xcconfig */,
				A6E63470E6D6FA01B01AD900 /* Pods-buscoCasa.release.xcconfig */,
			);
			path = Pods;
			sourceTree = "<group>";
		};
		24010A1804F7CB27EDF71DBA /* Frameworks */ = {
			isa = PBXGroup;
			children = (
				F8013FD222E2054E00035010 /* Lottie.framework */,
				ED76C3349DBA22D9D4EDC164 /* Pods_buscoCasa.framework */,
			);
			name = Frameworks;
			sourceTree = "<group>";
		};
		F8013FC722DDEA0700035010 /* Services */ = {
			isa = PBXGroup;
			children = (
				F8D951AB22F9128C00B6E773 /* Networking */,
				F8013FC822DDEA4F00035010 /* CustomLocationManager.swift */,
				F8013FCF22E0E5CE00035010 /* golftest.gpx */,
			);
			path = Services;
			sourceTree = "<group>";
		};
		F8013FCA22DDEAB200035010 /* user */ = {
			isa = PBXGroup;
			children = (
				F871437722BE8FBC007CA5AC /* UserMenuTabViewController.swift */,
				F871438722BFC47B007CA5AC /* EditUserViewController.swift */,
				F871437922BEA12C007CA5AC /* UserViewController.swift */,
			);
			path = user;
			sourceTree = "<group>";
		};
		F8013FCB22DDEABE00035010 /* map */ = {
			isa = PBXGroup;
			children = (
				F871437F22BEA425007CA5AC /* MapViewController.swift */,
			);
			path = map;
			sourceTree = "<group>";
		};
		F8013FCC22E0DB3700035010 /* Extensions */ = {
			isa = PBXGroup;
			children = (
				F8013FCD22E0DB4700035010 /* MapExtensions.swift */,
			);
			path = Extensions;
			sourceTree = "<group>";
		};
		F8013FD822E20F4F00035010 /* Animations */ = {
			isa = PBXGroup;
			children = (
				F837648E22E3AA4D00C03EC3 /* profile.json */,
				F856ECB72304E431006D5661 /* bookmarksPlaceholder.json */,
				F80FCC2722E3768A00DF5255 /* choosePicture.json */,
				F8DD28F222E22AC900F9889B /* loginHome.json */,
				F856ECB52304DB9E006D5661 /* emptyBookmarks.json */,
				F8013FD922E2108200035010 /* homeAnimation.json */,
			);
			path = Animations;
			sourceTree = "<group>";
		};
		F856ECAF2304DA25006D5661 /* bookmarks */ = {
			isa = PBXGroup;
			children = (
				F856ECB32304DA79006D5661 /* BookmarksViewController.swift */,
			);
			path = bookmarks;
			sourceTree = "<group>";
		};
		F871437422BE78AC007CA5AC /* Utils */ = {
			isa = PBXGroup;
			children = (
				F871437522BE78E1007CA5AC /* AppConstants.swift */,
				F871438522BFC1A6007CA5AC /* ImageStorageUtils.swift */,
				F830A90D22BFFEF700107881 /* AlertDialogUtils.swift */,
				F856ECBC23084EE6006D5661 /* TransitionHelper.swift */,
				F8DCC8C5230C9FA4001541B5 /* GetLoggedUser.swift */,
			);
			path = Utils;
			sourceTree = "<group>";
		};
		F871438322BED430007CA5AC /* loginWithEmail */ = {
			isa = PBXGroup;
			children = (
				F8C8826B2293925100177093 /* LoginWithMailViewController.swift */,
			);
			path = loginWithEmail;
			sourceTree = "<group>";
		};
		F871438422BED44E007CA5AC /* loginRegistration */ = {
			isa = PBXGroup;
			children = (
				F8BE36B022E35D6700923C64 /* RegistrationViewController.swift */,
			);
			path = loginRegistration;
			sourceTree = "<group>";
		};
		F893100222FF2AF5007F5F07 /* MapAnnotation */ = {
			isa = PBXGroup;
			children = (
				F893100322FF2B1B007F5F07 /* MapHouseAnnotation.swift */,
				F8FFF0EE2302D73600980011 /* MapHouseAnnotationView.swift */,
			);
			path = MapAnnotation;
			sourceTree = "<group>";
		};
		F8C8825D2293925100177093 = {
			isa = PBXGroup;
			children = (
				F8C882682293925100177093 /* BuscoCasa */,
				F8C882672293925100177093 /* Products */,
				090CB09F0F44A06B62FC4FDF /* Pods */,
				24010A1804F7CB27EDF71DBA /* Frameworks */,
			);
			sourceTree = "<group>";
		};
		F8C882672293925100177093 /* Products */ = {
			isa = PBXGroup;
			children = (
				F8C882662293925100177093 /* buscoCasa.app */,
			);
			name = Products;
			sourceTree = "<group>";
		};
		F8C882682293925100177093 /* BuscoCasa */ = {
			isa = PBXGroup;
			children = (
				F8DCC8C0230C13AE001541B5 /* Prresenter */,
				F8013FD822E20F4F00035010 /* Animations */,
				F8013FCC22E0DB3700035010 /* Extensions */,
				F8013FC722DDEA0700035010 /* Services */,
				F871437422BE78AC007CA5AC /* Utils */,
				F8C8827D2293930D00177093 /* Storyboards */,
				F8C8827C229392B100177093 /* Controllers */,
				F8C8827B2293926400177093 /* Models */,
				F8C882692293925100177093 /* AppDelegate.swift */,
				F8C882702293925200177093 /* Assets.xcassets */,
				F8C882752293925200177093 /* Info.plist */,
			);
			path = BuscoCasa;
			sourceTree = "<group>";
		};
		F8C8827B2293926400177093 /* Models */ = {
			isa = PBXGroup;
			children = (
				F893100222FF2AF5007F5F07 /* MapAnnotation */,
				F8C882802293993100177093 /* User.swift */,
				F8D951AE22F9133000B6E773 /* HouseModel.swift */,
				F8D951B022F9174B00B6E773 /* Results.swift */,
				F8D951B222F9183F00B6E773 /* SellerContact.swift */,
				F8D951B422F9210C00B6E773 /* HouseLocation.swift */,
			);
			path = Models;
			sourceTree = "<group>";
		};
		F8C8827C229392B100177093 /* Controllers */ = {
			isa = PBXGroup;
			children = (
				F856ECAF2304DA25006D5661 /* bookmarks */,
				F8013FCB22DDEABE00035010 /* map */,
				F8013FCA22DDEAB200035010 /* user */,
				F871438422BED44E007CA5AC /* loginRegistration */,
				F871438322BED430007CA5AC /* loginWithEmail */,
				F8C882822294231400177093 /* LoginOptionViewController.swift */,
				F8013FD622E208F000035010 /* LaunchViewController.swift */,
			);
			path = Controllers;
			sourceTree = "<group>";
		};
		F8C8827D2293930D00177093 /* Storyboards */ = {
			isa = PBXGroup;
			children = (
				F8C8826D2293925100177093 /* Main.storyboard */,
				F871437B22BEA1E7007CA5AC /* user.storyboard */,
				F871437D22BEA1F3007CA5AC /* map.storyboard */,
				F830A90F22C0182200107881 /* bookmarks.storyboard */,
				F840082522C6D64E00CFC612 /* login.storyboard */,
				F8013FD422E207EC00035010 /* CustomLaunch.storyboard */,
			);
			path = Storyboards;
			sourceTree = "<group>";
		};
		F8D951AB22F9128C00B6E773 /* Networking */ = {
			isa = PBXGroup;
			children = (
				F8D951AC22F912BF00B6E773 /* ApiClient.swift */,
			);
			path = Networking;
			sourceTree = "<group>";
		};
		F8DCC8C0230C13AE001541B5 /* Prresenter */ = {
			isa = PBXGroup;
			children = (
				F8DCC8C3230C1931001541B5 /* ModelHousePresenter.swift */,
			);
			path = Prresenter;
			sourceTree = "<group>";
		};
/* End PBXGroup section */

/* Begin PBXNativeTarget section */
		F8C882652293925100177093 /* buscoCasa */ = {
			isa = PBXNativeTarget;
			buildConfigurationList = F8C882782293925200177093 /* Build configuration list for PBXNativeTarget "buscoCasa" */;
			buildPhases = (
				9AFEB92A9F66415F5AC7BE5B /* [CP] Check Pods Manifest.lock */,
				F8C882622293925100177093 /* Sources */,
				F8C882632293925100177093 /* Frameworks */,
				F8C882642293925100177093 /* Resources */,
				9360809A6529A85396851EDB /* [CP] Embed Pods Frameworks */,
			);
			buildRules = (
			);
			dependencies = (
			);
			name = buscoCasa;
			productName = buscoCasa;
			productReference = F8C882662293925100177093 /* buscoCasa.app */;
			productType = "com.apple.product-type.application";
		};
/* End PBXNativeTarget section */

/* Begin PBXProject section */
		F8C8825E2293925100177093 /* Project object */ = {
			isa = PBXProject;
			attributes = {
				LastSwiftUpdateCheck = 1020;
				LastUpgradeCheck = 1020;
				ORGANIZATIONNAME = "Rodrigo Pintos";
				TargetAttributes = {
					F8C882652293925100177093 = {
						CreatedOnToolsVersion = 10.2.1;
						LastSwiftMigration = 1030;
					};
				};
			};
			buildConfigurationList = F8C882612293925100177093 /* Build configuration list for PBXProject "buscoCasa" */;
			compatibilityVersion = "Xcode 9.3";
			developmentRegion = en;
			hasScannedForEncodings = 0;
			knownRegions = (
				en,
				Base,
			);
			mainGroup = F8C8825D2293925100177093;
			productRefGroup = F8C882672293925100177093 /* Products */;
			projectDirPath = "";
			projectRoot = "";
			targets = (
				F8C882652293925100177093 /* buscoCasa */,
			);
		};
/* End PBXProject section */

/* Begin PBXResourcesBuildPhase section */
		F8C882642293925100177093 /* Resources */ = {
			isa = PBXResourcesBuildPhase;
			buildActionMask = 2147483647;
			files = (
				F871437C22BEA1E7007CA5AC /* user.storyboard in Resources */,
				F871437E22BEA1F3007CA5AC /* map.storyboard in Resources */,
				F8C882712293925200177093 /* Assets.xcassets in Resources */,
				F80FCC2822E3768B00DF5255 /* choosePicture.json in Resources */,
				F8013FDA22E2108200035010 /* homeAnimation.json in Resources */,
				F837648F22E3AA4D00C03EC3 /* profile.json in Resources */,
				F830A91022C0182200107881 /* bookmarks.storyboard in Resources */,
				F8C8826F2293925100177093 /* Main.storyboard in Resources */,
				F840082622C6D64E00CFC612 /* login.storyboard in Resources */,
				F8013FD522E207EC00035010 /* CustomLaunch.storyboard in Resources */,
				F856ECB82304E431006D5661 /* bookmarksPlaceholder.json in Resources */,
				F8DD28F322E22ACA00F9889B /* loginHome.json in Resources */,
				F856ECB62304DB9E006D5661 /* emptyBookmarks.json in Resources */,
			);
			runOnlyForDeploymentPostprocessing = 0;
		};
/* End PBXResourcesBuildPhase section */

/* Begin PBXShellScriptBuildPhase section */
		9360809A6529A85396851EDB /* [CP] Embed Pods Frameworks */ = {
			isa = PBXShellScriptBuildPhase;
			buildActionMask = 2147483647;
			files = (
			);
			inputFileListPaths = (
				"${PODS_ROOT}/Target Support Files/Pods-buscoCasa/Pods-buscoCasa-frameworks-${CONFIGURATION}-input-files.xcfilelist",
			);
			name = "[CP] Embed Pods Frameworks";
			outputFileListPaths = (
				"${PODS_ROOT}/Target Support Files/Pods-buscoCasa/Pods-buscoCasa-frameworks-${CONFIGURATION}-output-files.xcfilelist",
			);
			runOnlyForDeploymentPostprocessing = 0;
			shellPath = /bin/sh;
			shellScript = "\"${PODS_ROOT}/Target Support Files/Pods-buscoCasa/Pods-buscoCasa-frameworks.sh\"\n";
			showEnvVarsInLog = 0;
		};
		9AFEB92A9F66415F5AC7BE5B /* [CP] Check Pods Manifest.lock */ = {
			isa = PBXShellScriptBuildPhase;
			buildActionMask = 2147483647;
			files = (
			);
			inputFileListPaths = (
			);
			inputPaths = (
				"${PODS_PODFILE_DIR_PATH}/Podfile.lock",
				"${PODS_ROOT}/Manifest.lock",
			);
			name = "[CP] Check Pods Manifest.lock";
			outputFileListPaths = (
			);
			outputPaths = (
				"$(DERIVED_FILE_DIR)/Pods-buscoCasa-checkManifestLockResult.txt",
			);
			runOnlyForDeploymentPostprocessing = 0;
			shellPath = /bin/sh;
			shellScript = "diff \"${PODS_PODFILE_DIR_PATH}/Podfile.lock\" \"${PODS_ROOT}/Manifest.lock\" > /dev/null\nif [ $? != 0 ] ; then\n    # print error to STDERR\n    echo \"error: The sandbox is not in sync with the Podfile.lock. Run 'pod install' or update your CocoaPods installation.\" >&2\n    exit 1\nfi\n# This output is used by Xcode 'outputs' to avoid re-running this script phase.\necho \"SUCCESS\" > \"${SCRIPT_OUTPUT_FILE_0}\"\n";
			showEnvVarsInLog = 0;
		};
/* End PBXShellScriptBuildPhase section */

/* Begin PBXSourcesBuildPhase section */
		F8C882622293925100177093 /* Sources */ = {
			isa = PBXSourcesBuildPhase;
			buildActionMask = 2147483647;
			files = (
				F871438022BEA425007CA5AC /* MapViewController.swift in Sources */,
				F8BE36B122E35D6700923C64 /* RegistrationViewController.swift in Sources */,
				F871438622BFC1A6007CA5AC /* ImageStorageUtils.swift in Sources */,
				F8DCC8C6230C9FA4001541B5 /* GetLoggedUser.swift in Sources */,
				F8D951AD22F912BF00B6E773 /* ApiClient.swift in Sources */,
				F8C8826C2293925100177093 /* LoginWithMailViewController.swift in Sources */,
				F871437A22BEA12C007CA5AC /* UserViewController.swift in Sources */,
				F8D951B122F9174B00B6E773 /* Results.swift in Sources */,
				F8013FC922DDEA4F00035010 /* CustomLocationManager.swift in Sources */,
				F8013FCE22E0DB4700035010 /* MapExtensions.swift in Sources */,
				F8013FD722E208F000035010 /* LaunchViewController.swift in Sources */,
				F8D951AF22F9133000B6E773 /* HouseModel.swift in Sources */,
				F8D951B522F9210C00B6E773 /* HouseLocation.swift in Sources */,
				F856ECBD23084EE6006D5661 /* TransitionHelper.swift in Sources */,
				F893100422FF2B1B007F5F07 /* MapHouseAnnotation.swift in Sources */,
				F871438822BFC47B007CA5AC /* EditUserViewController.swift in Sources */,
				F8DCC8C4230C1931001541B5 /* ModelHousePresenter.swift in Sources */,
				F8C8826A2293925100177093 /* AppDelegate.swift in Sources */,
				F8C882812293993100177093 /* User.swift in Sources */,
				F871437822BE8FBC007CA5AC /* UserMenuTabViewController.swift in Sources */,
				F8FFF0EF2302D73600980011 /* MapHouseAnnotationView.swift in Sources */,
				F8C882832294231400177093 /* LoginOptionViewController.swift in Sources */,
				F830A90E22BFFEF700107881 /* AlertDialogUtils.swift in Sources */,
				F871437622BE78E1007CA5AC /* AppConstants.swift in Sources */,
				F856ECB42304DA79006D5661 /* BookmarksViewController.swift in Sources */,
				F8D951B322F9183F00B6E773 /* SellerContact.swift in Sources */,
			);
			runOnlyForDeploymentPostprocessing = 0;
		};
/* End PBXSourcesBuildPhase section */

/* Begin PBXVariantGroup section */
		F8C8826D2293925100177093 /* Main.storyboard */ = {
			isa = PBXVariantGroup;
			children = (
				F8C8826E2293925100177093 /* Base */,
			);
			name = Main.storyboard;
			sourceTree = "<group>";
		};
/* End PBXVariantGroup section */

/* Begin XCBuildConfiguration section */
		F8C882762293925200177093 /* Debug */ = {
			isa = XCBuildConfiguration;
			buildSettings = {
				ALWAYS_SEARCH_USER_PATHS = NO;
				CLANG_ANALYZER_NONNULL = YES;
				CLANG_ANALYZER_NUMBER_OBJECT_CONVERSION = YES_AGGRESSIVE;
				CLANG_CXX_LANGUAGE_STANDARD = "gnu++14";
				CLANG_CXX_LIBRARY = "libc++";
				CLANG_ENABLE_MODULES = YES;
				CLANG_ENABLE_OBJC_ARC = YES;
				CLANG_ENABLE_OBJC_WEAK = YES;
				CLANG_WARN_BLOCK_CAPTURE_AUTORELEASING = YES;
				CLANG_WARN_BOOL_CONVERSION = YES;
				CLANG_WARN_COMMA = YES;
				CLANG_WARN_CONSTANT_CONVERSION = YES;
				CLANG_WARN_DEPRECATED_OBJC_IMPLEMENTATIONS = YES;
				CLANG_WARN_DIRECT_OBJC_ISA_USAGE = YES_ERROR;
				CLANG_WARN_DOCUMENTATION_COMMENTS = YES;
				CLANG_WARN_EMPTY_BODY = YES;
				CLANG_WARN_ENUM_CONVERSION = YES;
				CLANG_WARN_INFINITE_RECURSION = YES;
				CLANG_WARN_INT_CONVERSION = YES;
				CLANG_WARN_NON_LITERAL_NULL_CONVERSION = YES;
				CLANG_WARN_OBJC_IMPLICIT_RETAIN_SELF = YES;
				CLANG_WARN_OBJC_LITERAL_CONVERSION = YES;
				CLANG_WARN_OBJC_ROOT_CLASS = YES_ERROR;
				CLANG_WARN_RANGE_LOOP_ANALYSIS = YES;
				CLANG_WARN_STRICT_PROTOTYPES = YES;
				CLANG_WARN_SUSPICIOUS_MOVE = YES;
				CLANG_WARN_UNGUARDED_AVAILABILITY = YES_AGGRESSIVE;
				CLANG_WARN_UNREACHABLE_CODE = YES;
				CLANG_WARN__DUPLICATE_METHOD_MATCH = YES;
				CODE_SIGN_IDENTITY = "iPhone Developer";
				COPY_PHASE_STRIP = NO;
				DEBUG_INFORMATION_FORMAT = dwarf;
				ENABLE_STRICT_OBJC_MSGSEND = YES;
				ENABLE_TESTABILITY = YES;
				GCC_C_LANGUAGE_STANDARD = gnu11;
				GCC_DYNAMIC_NO_PIC = NO;
				GCC_NO_COMMON_BLOCKS = YES;
				GCC_OPTIMIZATION_LEVEL = 0;
				GCC_PREPROCESSOR_DEFINITIONS = (
					"DEBUG=1",
					"$(inherited)",
				);
				GCC_WARN_64_TO_32_BIT_CONVERSION = YES;
				GCC_WARN_ABOUT_RETURN_TYPE = YES_ERROR;
				GCC_WARN_UNDECLARED_SELECTOR = YES;
				GCC_WARN_UNINITIALIZED_AUTOS = YES_AGGRESSIVE;
				GCC_WARN_UNUSED_FUNCTION = YES;
				GCC_WARN_UNUSED_VARIABLE = YES;
				IPHONEOS_DEPLOYMENT_TARGET = 12.2;
				MTL_ENABLE_DEBUG_INFO = INCLUDE_SOURCE;
				MTL_FAST_MATH = YES;
				ONLY_ACTIVE_ARCH = NO;
				SDKROOT = iphoneos;
				SWIFT_ACTIVE_COMPILATION_CONDITIONS = DEBUG;
				SWIFT_OPTIMIZATION_LEVEL = "-Onone";
			};
			name = Debug;
		};
		F8C882772293925200177093 /* Release */ = {
			isa = XCBuildConfiguration;
			buildSettings = {
				ALWAYS_SEARCH_USER_PATHS = NO;
				CLANG_ANALYZER_NONNULL = YES;
				CLANG_ANALYZER_NUMBER_OBJECT_CONVERSION = YES_AGGRESSIVE;
				CLANG_CXX_LANGUAGE_STANDARD = "gnu++14";
				CLANG_CXX_LIBRARY = "libc++";
				CLANG_ENABLE_MODULES = YES;
				CLANG_ENABLE_OBJC_ARC = YES;
				CLANG_ENABLE_OBJC_WEAK = YES;
				CLANG_WARN_BLOCK_CAPTURE_AUTORELEASING = YES;
				CLANG_WARN_BOOL_CONVERSION = YES;
				CLANG_WARN_COMMA = YES;
				CLANG_WARN_CONSTANT_CONVERSION = YES;
				CLANG_WARN_DEPRECATED_OBJC_IMPLEMENTATIONS = YES;
				CLANG_WARN_DIRECT_OBJC_ISA_USAGE = YES_ERROR;
				CLANG_WARN_DOCUMENTATION_COMMENTS = YES;
				CLANG_WARN_EMPTY_BODY = YES;
				CLANG_WARN_ENUM_CONVERSION = YES;
				CLANG_WARN_INFINITE_RECURSION = YES;
				CLANG_WARN_INT_CONVERSION = YES;
				CLANG_WARN_NON_LITERAL_NULL_CONVERSION = YES;
				CLANG_WARN_OBJC_IMPLICIT_RETAIN_SELF = YES;
				CLANG_WARN_OBJC_LITERAL_CONVERSION = YES;
				CLANG_WARN_OBJC_ROOT_CLASS = YES_ERROR;
				CLANG_WARN_RANGE_LOOP_ANALYSIS = YES;
				CLANG_WARN_STRICT_PROTOTYPES = YES;
				CLANG_WARN_SUSPICIOUS_MOVE = YES;
				CLANG_WARN_UNGUARDED_AVAILABILITY = YES_AGGRESSIVE;
				CLANG_WARN_UNREACHABLE_CODE = YES;
				CLANG_WARN__DUPLICATE_METHOD_MATCH = YES;
				CODE_SIGN_IDENTITY = "iPhone Developer";
				COPY_PHASE_STRIP = NO;
				DEBUG_INFORMATION_FORMAT = "dwarf-with-dsym";
				ENABLE_NS_ASSERTIONS = NO;
				ENABLE_STRICT_OBJC_MSGSEND = YES;
				GCC_C_LANGUAGE_STANDARD = gnu11;
				GCC_NO_COMMON_BLOCKS = YES;
				GCC_WARN_64_TO_32_BIT_CONVERSION = YES;
				GCC_WARN_ABOUT_RETURN_TYPE = YES_ERROR;
				GCC_WARN_UNDECLARED_SELECTOR = YES;
				GCC_WARN_UNINITIALIZED_AUTOS = YES_AGGRESSIVE;
				GCC_WARN_UNUSED_FUNCTION = YES;
				GCC_WARN_UNUSED_VARIABLE = YES;
				IPHONEOS_DEPLOYMENT_TARGET = 12.2;
				MTL_ENABLE_DEBUG_INFO = NO;
				MTL_FAST_MATH = YES;
				ONLY_ACTIVE_ARCH = NO;
				SDKROOT = iphoneos;
				SWIFT_COMPILATION_MODE = wholemodule;
				SWIFT_OPTIMIZATION_LEVEL = "-O";
				VALIDATE_PRODUCT = YES;
			};
			name = Release;
		};
		F8C882792293925200177093 /* Debug */ = {
			isa = XCBuildConfiguration;
			baseConfigurationReference = 978DADC5CE87E99BF284E7A2 /* Pods-buscoCasa.debug.xcconfig */;
			buildSettings = {
				ASSETCATALOG_COMPILER_APPICON_NAME = AppIcon;
				CLANG_ENABLE_MODULES = YES;
				CODE_SIGN_STYLE = Automatic;
				DEVELOPMENT_TEAM = TAJXWT989C;
				INFOPLIST_FILE = buscoCasa/Info.plist;
				LD_RUNPATH_SEARCH_PATHS = (
					"$(inherited)",
					"@executable_path/Frameworks",
				);
				PRODUCT_BUNDLE_IDENTIFIER = rodrigo.buscoCasa;
				PRODUCT_NAME = "$(TARGET_NAME)";
				SWIFT_OPTIMIZATION_LEVEL = "-Onone";
				SWIFT_VERSION = 5.0;
				TARGETED_DEVICE_FAMILY = "1,2";
			};
			name = Debug;
		};
		F8C8827A2293925200177093 /* Release */ = {
			isa = XCBuildConfiguration;
			baseConfigurationReference = A6E63470E6D6FA01B01AD900 /* Pods-buscoCasa.release.xcconfig */;
			buildSettings = {
				ASSETCATALOG_COMPILER_APPICON_NAME = AppIcon;
				CLANG_ENABLE_MODULES = YES;
				CODE_SIGN_STYLE = Automatic;
				DEVELOPMENT_TEAM = TAJXWT989C;
				INFOPLIST_FILE = buscoCasa/Info.plist;
				LD_RUNPATH_SEARCH_PATHS = (
					"$(inherited)",
					"@executable_path/Frameworks",
				);
				PRODUCT_BUNDLE_IDENTIFIER = rodrigo.buscoCasa;
				PRODUCT_NAME = "$(TARGET_NAME)";
				SWIFT_VERSION = 5.0;
				TARGETED_DEVICE_FAMILY = "1,2";
			};
			name = Release;
		};
/* End XCBuildConfiguration section */

/* Begin XCConfigurationList section */
		F8C882612293925100177093 /* Build configuration list for PBXProject "buscoCasa" */ = {
			isa = XCConfigurationList;
			buildConfigurations = (
				F8C882762293925200177093 /* Debug */,
				F8C882772293925200177093 /* Release */,
			);
			defaultConfigurationIsVisible = 0;
			defaultConfigurationName = Release;
		};
		F8C882782293925200177093 /* Build configuration list for PBXNativeTarget "buscoCasa" */ = {
			isa = XCConfigurationList;
			buildConfigurations = (
				F8C882792293925200177093 /* Debug */,
				F8C8827A2293925200177093 /* Release */,
			);
			defaultConfigurationIsVisible = 0;
			defaultConfigurationName = Release;
		};
/* End XCConfigurationList section */
	};
	rootObject = F8C8825E2293925100177093 /* Project object */;
}
